
Microsoft Visual Studio Solution File, Format Version 12.00
# Visual Studio Version 16
VisualStudioVersion = 16.0.31005.135
MinimumVisualStudioVersion = 10.0.40219.1
Project("{FAE04EC0-301F-11D3-BF4B-00C04F79EFBC}") = "AspNet_Secretes", "AspNet_Secretes\AspNet_Secretes.csproj", "{5EE620DB-7020-4B30-9FA6-40EC5F11C16A}"
EndProject
Global
	GlobalSection(SolutionConfigurationPlatforms) = preSolution
		Debug|Any CPU = Debug|Any CPU
		Release|Any CPU = Release|Any CPU
	EndGlobalSection
	GlobalSection(ProjectConfigurationPlatforms) = postSolution
		{5EE620DB-7020-4B30-9FA6-40EC5F11C16A}.Debug|Any CPU.ActiveCfg = Debug|Any CPU
		{5EE620DB-7020-4B30-9FA6-40EC5F11C16A}.Debug|Any CPU.Build.0 = Debug|Any CPU
		{5EE620DB-7020-4B30-9FA6-40EC5F11C16A}.Release|Any CPU.ActiveCfg = Release|Any CPU
		{5EE620DB-7020-4B30-9FA6-40EC5F11C16A}.Release|Any CPU.Build.0 = Release|Any CPU
	EndGlobalSection
	GlobalSection(SolutionProperties) = preSolution
		HideSolutionNode = FALSE
	EndGlobalSection
	GlobalSection(ExtensibilityGlobals) = postSolution
		SolutionGuid = {32373EEC-4226-482E-832B-88D186916C86}
	EndGlobalSection
EndGlobal
